// !$*UTF8*$!
{
	archiveVersion = 1;
	classes = {
	};
	objectVersion = 51;
	objects = {

/* Begin PBXBuildFile section */
		09D48523E45DC59816F8FD4B /* Pods_RabbitHole.framework in Frameworks */ = {isa = PBXBuildFile; fileRef = 14BD56FB6391708404E68529 /* Pods_RabbitHole.framework */; };
		10DFB5AB21892B9E009C0AD4 /* Overlay.swift in Sources */ = {isa = PBXBuildFile; fileRef = 10DFB5AA21892B9E009C0AD4 /* Overlay.swift */; };
		10DFB5AD21895866009C0AD4 /* ViewController.swift in Sources */ = {isa = PBXBuildFile; fileRef = 10DFB5AC21895866009C0AD4 /* ViewController.swift */; };
		10DFB5AF218BE089009C0AD4 /* History.swift in Sources */ = {isa = PBXBuildFile; fileRef = 10DFB5AE218BE089009C0AD4 /* History.swift */; };
		10FAE33F2188B1320007107D /* AppDelegate.swift in Sources */ = {isa = PBXBuildFile; fileRef = 10FAE33E2188B1320007107D /* AppDelegate.swift */; };
		10FAE3412188B1330007107D /* TableViewController.swift in Sources */ = {isa = PBXBuildFile; fileRef = 10FAE3402188B1330007107D /* TableViewController.swift */; };
		10FAE3462188B1340007107D /* Assets.xcassets in Resources */ = {isa = PBXBuildFile; fileRef = 10FAE3452188B1340007107D /* Assets.xcassets */; };
		10FAE3542188B1340007107D /* RabbitHoleTests.swift in Sources */ = {isa = PBXBuildFile; fileRef = 10FAE3532188B1340007107D /* RabbitHoleTests.swift */; };
		10FAE35F2188B1340007107D /* RabbitHoleUITests.swift in Sources */ = {isa = PBXBuildFile; fileRef = 10FAE35E2188B1340007107D /* RabbitHoleUITests.swift */; };
		A8B8FAD5A3699EDAD17985FF /* Pods_RabbitHoleTests.framework in Frameworks */ = {isa = PBXBuildFile; fileRef = 406271FD79AA6F0C45AB2E3A /* Pods_RabbitHoleTests.framework */; };
		EB238B54AA63B91C2E814CC5 /* Pods_RabbitHole_RabbitHoleUITests.framework in Frameworks */ = {isa = PBXBuildFile; fileRef = 68ACE4286A081E1523F266F5 /* Pods_RabbitHole_RabbitHoleUITests.framework */; };
/* End PBXBuildFile section */

/* Begin PBXContainerItemProxy section */
		10FAE3502188B1340007107D /* PBXContainerItemProxy */ = {
			isa = PBXContainerItemProxy;
			containerPortal = 10FAE3332188B1320007107D /* Project object */;
			proxyType = 1;
			remoteGlobalIDString = 10FAE33A2188B1320007107D;
			remoteInfo = RabbitHole;
		};
		10FAE35B2188B1340007107D /* PBXContainerItemProxy */ = {
			isa = PBXContainerItemProxy;
			containerPortal = 10FAE3332188B1320007107D /* Project object */;
			proxyType = 1;
			remoteGlobalIDString = 10FAE33A2188B1320007107D;
			remoteInfo = RabbitHole;
		};
/* End PBXContainerItemProxy section */

/* Begin PBXFileReference section */
		0320FBCD2AF2701F7D271B0E /* Pods-RabbitHoleTests.debug.xcconfig */ = {isa = PBXFileReference; includeInIndex = 1; lastKnownFileType = text.xcconfig; name = "Pods-RabbitHoleTests.debug.xcconfig"; path = "Pods/Target Support Files/Pods-RabbitHoleTests/Pods-RabbitHoleTests.debug.xcconfig"; sourceTree = "<group>"; };
		03D2913653684BD4FCEE8ECE /* Pods-RabbitHole-RabbitHoleUITests.debug.xcconfig */ = {isa = PBXFileReference; includeInIndex = 1; lastKnownFileType = text.xcconfig; name = "Pods-RabbitHole-RabbitHoleUITests.debug.xcconfig"; path = "Pods/Target Support Files/Pods-RabbitHole-RabbitHoleUITests/Pods-RabbitHole-RabbitHoleUITests.debug.xcconfig"; sourceTree = "<group>"; };
		10DFB5AA21892B9E009C0AD4 /* Overlay.swift */ = {isa = PBXFileReference; lastKnownFileType = sourcecode.swift; path = Overlay.swift; sourceTree = "<group>"; };
		10DFB5AC21895866009C0AD4 /* ViewController.swift */ = {isa = PBXFileReference; lastKnownFileType = sourcecode.swift; path = ViewController.swift; sourceTree = "<group>"; };
		10DFB5AE218BE089009C0AD4 /* History.swift */ = {isa = PBXFileReference; lastKnownFileType = sourcecode.swift; path = History.swift; sourceTree = "<group>"; };
		10FAE33B2188B1320007107D /* RabbitHole.app */ = {isa = PBXFileReference; explicitFileType = wrapper.application; includeInIndex = 0; path = RabbitHole.app; sourceTree = BUILT_PRODUCTS_DIR; };
		10FAE33E2188B1320007107D /* AppDelegate.swift */ = {isa = PBXFileReference; lastKnownFileType = sourcecode.swift; path = AppDelegate.swift; sourceTree = "<group>"; };
		10FAE3402188B1330007107D /* TableViewController.swift */ = {isa = PBXFileReference; lastKnownFileType = sourcecode.swift; path = TableViewController.swift; sourceTree = "<group>"; };
		10FAE3432188B1330007107D /* Base */ = {isa = PBXFileReference; lastKnownFileType = file.storyboard; name = Base; path = Base.lproj/Main.storyboard; sourceTree = "<group>"; };
		10FAE3452188B1340007107D /* Assets.xcassets */ = {isa = PBXFileReference; lastKnownFileType = folder.assetcatalog; path = Assets.xcassets; sourceTree = "<group>"; };
		10FAE3482188B1340007107D /* Base */ = {isa = PBXFileReference; lastKnownFileType = file.storyboard; name = Base; path = Base.lproj/LaunchScreen.storyboard; sourceTree = "<group>"; };
		10FAE34A2188B1340007107D /* Info.plist */ = {isa = PBXFileReference; lastKnownFileType = text.plist.xml; path = Info.plist; sourceTree = "<group>"; };
		10FAE34F2188B1340007107D /* RabbitHoleTests.xctest */ = {isa = PBXFileReference; explicitFileType = wrapper.cfbundle; includeInIndex = 0; path = RabbitHoleTests.xctest; sourceTree = BUILT_PRODUCTS_DIR; };
		10FAE3532188B1340007107D /* RabbitHoleTests.swift */ = {isa = PBXFileReference; lastKnownFileType = sourcecode.swift; path = RabbitHoleTests.swift; sourceTree = "<group>"; };
		10FAE3552188B1340007107D /* Info.plist */ = {isa = PBXFileReference; lastKnownFileType = text.plist.xml; path = Info.plist; sourceTree = "<group>"; };
		10FAE35A2188B1340007107D /* RabbitHoleUITests.xctest */ = {isa = PBXFileReference; explicitFileType = wrapper.cfbundle; includeInIndex = 0; path = RabbitHoleUITests.xctest; sourceTree = BUILT_PRODUCTS_DIR; };
		10FAE35E2188B1340007107D /* RabbitHoleUITests.swift */ = {isa = PBXFileReference; lastKnownFileType = sourcecode.swift; path = RabbitHoleUITests.swift; sourceTree = "<group>"; };
		10FAE3602188B1340007107D /* Info.plist */ = {isa = PBXFileReference; lastKnownFileType = text.plist.xml; path = Info.plist; sourceTree = "<group>"; };
		14BD56FB6391708404E68529 /* Pods_RabbitHole.framework */ = {isa = PBXFileReference; explicitFileType = wrapper.framework; includeInIndex = 0; path = Pods_RabbitHole.framework; sourceTree = BUILT_PRODUCTS_DIR; };
		2FC291B003E98703B0DB3AC8 /* Pods-RabbitHoleTests.release.xcconfig */ = {isa = PBXFileReference; includeInIndex = 1; lastKnownFileType = text.xcconfig; name = "Pods-RabbitHoleTests.release.xcconfig"; path = "Pods/Target Support Files/Pods-RabbitHoleTests/Pods-RabbitHoleTests.release.xcconfig"; sourceTree = "<group>"; };
		406271FD79AA6F0C45AB2E3A /* Pods_RabbitHoleTests.framework */ = {isa = PBXFileReference; explicitFileType = wrapper.framework; includeInIndex = 0; path = Pods_RabbitHoleTests.framework; sourceTree = BUILT_PRODUCTS_DIR; };
		68ACE4286A081E1523F266F5 /* Pods_RabbitHole_RabbitHoleUITests.framework */ = {isa = PBXFileReference; explicitFileType = wrapper.framework; includeInIndex = 0; path = Pods_RabbitHole_RabbitHoleUITests.framework; sourceTree = BUILT_PRODUCTS_DIR; };
		8220516209510EA98205D3F8 /* Pods-RabbitHole.release.xcconfig */ = {isa = PBXFileReference; includeInIndex = 1; lastKnownFileType = text.xcconfig; name = "Pods-RabbitHole.release.xcconfig"; path = "Pods/Target Support Files/Pods-RabbitHole/Pods-RabbitHole.release.xcconfig"; sourceTree = "<group>"; };
		9EF29960BE41FBDA5F0C67FA /* Pods-RabbitHole.debug.xcconfig */ = {isa = PBXFileReference; includeInIndex = 1; lastKnownFileType = text.xcconfig; name = "Pods-RabbitHole.debug.xcconfig"; path = "Pods/Target Support Files/Pods-RabbitHole/Pods-RabbitHole.debug.xcconfig"; sourceTree = "<group>"; };
		AFE2EB40F0DF687BDAB8B8C0 /* Pods-RabbitHole-RabbitHoleUITests.release.xcconfig */ = {isa = PBXFileReference; includeInIndex = 1; lastKnownFileType = text.xcconfig; name = "Pods-RabbitHole-RabbitHoleUITests.release.xcconfig"; path = "Pods/Target Support Files/Pods-RabbitHole-RabbitHoleUITests/Pods-RabbitHole-RabbitHoleUITests.release.xcconfig"; sourceTree = "<group>"; };
/* End PBXFileReference section */

/* Begin PBXFrameworksBuildPhase section */
		10FAE3382188B1320007107D /* Frameworks */ = {
			isa = PBXFrameworksBuildPhase;
			buildActionMask = 2147483647;
			files = (
				09D48523E45DC59816F8FD4B /* Pods_RabbitHole.framework in Frameworks */,
			);
			runOnlyForDeploymentPostprocessing = 0;
		};
		10FAE34C2188B1340007107D /* Frameworks */ = {
			isa = PBXFrameworksBuildPhase;
			buildActionMask = 2147483647;
			files = (
				A8B8FAD5A3699EDAD17985FF /* Pods_RabbitHoleTests.framework in Frameworks */,
			);
			runOnlyForDeploymentPostprocessing = 0;
		};
		10FAE3572188B1340007107D /* Frameworks */ = {
			isa = PBXFrameworksBuildPhase;
			buildActionMask = 2147483647;
			files = (
				EB238B54AA63B91C2E814CC5 /* Pods_RabbitHole_RabbitHoleUITests.framework in Frameworks */,
			);
			runOnlyForDeploymentPostprocessing = 0;
		};
/* End PBXFrameworksBuildPhase section */

/* Begin PBXGroup section */
		10FAE3322188B1320007107D = {
			isa = PBXGroup;
			children = (
				10FAE33D2188B1320007107D /* RabbitHole */,
				10FAE3522188B1340007107D /* RabbitHoleTests */,
				10FAE35D2188B1340007107D /* RabbitHoleUITests */,
				10FAE33C2188B1320007107D /* Products */,
				C614AF768D81A01BFB8E56AE /* Pods */,
				7E03BFE7C7EEC8050DF678AE /* Frameworks */,
			);
			sourceTree = "<group>";
		};
		10FAE33C2188B1320007107D /* Products */ = {
			isa = PBXGroup;
			children = (
				10FAE33B2188B1320007107D /* RabbitHole.app */,
				10FAE34F2188B1340007107D /* RabbitHoleTests.xctest */,
				10FAE35A2188B1340007107D /* RabbitHoleUITests.xctest */,
			);
			name = Products;
			sourceTree = "<group>";
		};
		10FAE33D2188B1320007107D /* RabbitHole */ = {
			isa = PBXGroup;
			children = (
				10FAE33E2188B1320007107D /* AppDelegate.swift */,
				10DFB5AC21895866009C0AD4 /* ViewController.swift */,
				10FAE3402188B1330007107D /* TableViewController.swift */,
				10DFB5AE218BE089009C0AD4 /* History.swift */,
				10FAE3422188B1330007107D /* Main.storyboard */,
				10FAE3452188B1340007107D /* Assets.xcassets */,
				10FAE3472188B1340007107D /* LaunchScreen.storyboard */,
				10FAE34A2188B1340007107D /* Info.plist */,
				10DFB5AA21892B9E009C0AD4 /* Overlay.swift */,
			);
			path = RabbitHole;
			sourceTree = "<group>";
		};
		10FAE3522188B1340007107D /* RabbitHoleTests */ = {
			isa = PBXGroup;
			children = (
				10FAE3532188B1340007107D /* RabbitHoleTests.swift */,
				10FAE3552188B1340007107D /* Info.plist */,
			);
			path = RabbitHoleTests;
			sourceTree = "<group>";
		};
		10FAE35D2188B1340007107D /* RabbitHoleUITests */ = {
			isa = PBXGroup;
			children = (
				10FAE35E2188B1340007107D /* RabbitHoleUITests.swift */,
				10FAE3602188B1340007107D /* Info.plist */,
			);
			path = RabbitHoleUITests;
			sourceTree = "<group>";
		};
		7E03BFE7C7EEC8050DF678AE /* Frameworks */ = {
			isa = PBXGroup;
			children = (
				14BD56FB6391708404E68529 /* Pods_RabbitHole.framework */,
				68ACE4286A081E1523F266F5 /* Pods_RabbitHole_RabbitHoleUITests.framework */,
				406271FD79AA6F0C45AB2E3A /* Pods_RabbitHoleTests.framework */,
			);
			name = Frameworks;
			sourceTree = "<group>";
		};
		C614AF768D81A01BFB8E56AE /* Pods */ = {
			isa = PBXGroup;
			children = (
				9EF29960BE41FBDA5F0C67FA /* Pods-RabbitHole.debug.xcconfig */,
				8220516209510EA98205D3F8 /* Pods-RabbitHole.release.xcconfig */,
				03D2913653684BD4FCEE8ECE /* Pods-RabbitHole-RabbitHoleUITests.debug.xcconfig */,
				AFE2EB40F0DF687BDAB8B8C0 /* Pods-RabbitHole-RabbitHoleUITests.release.xcconfig */,
				0320FBCD2AF2701F7D271B0E /* Pods-RabbitHoleTests.debug.xcconfig */,
				2FC291B003E98703B0DB3AC8 /* Pods-RabbitHoleTests.release.xcconfig */,
			);
			name = Pods;
			sourceTree = "<group>";
		};
/* End PBXGroup section */

/* Begin PBXNativeTarget section */
		10FAE33A2188B1320007107D /* RabbitHole */ = {
			isa = PBXNativeTarget;
			buildConfigurationList = 10FAE3632188B1340007107D /* Build configuration list for PBXNativeTarget "RabbitHole" */;
			buildPhases = (
				D2A3D968E9DF7A030CF3C93C /* [CP] Check Pods Manifest.lock */,
				10FAE3372188B1320007107D /* Sources */,
				10FAE3382188B1320007107D /* Frameworks */,
				10FAE3392188B1320007107D /* Resources */,
				66E930A9E95EEEBCDDA18376 /* [CP] Embed Pods Frameworks */,
			);
			buildRules = (
			);
			dependencies = (
			);
			name = RabbitHole;
			productName = RabbitHole;
			productReference = 10FAE33B2188B1320007107D /* RabbitHole.app */;
			productType = "com.apple.product-type.application";
		};
		10FAE34E2188B1340007107D /* RabbitHoleTests */ = {
			isa = PBXNativeTarget;
			buildConfigurationList = 10FAE3662188B1340007107D /* Build configuration list for PBXNativeTarget "RabbitHoleTests" */;
			buildPhases = (
				C9308C4AB8286D58742E7287 /* [CP] Check Pods Manifest.lock */,
				10FAE34B2188B1340007107D /* Sources */,
				10FAE34C2188B1340007107D /* Frameworks */,
				10FAE34D2188B1340007107D /* Resources */,
			);
			buildRules = (
			);
			dependencies = (
				10FAE3512188B1340007107D /* PBXTargetDependency */,
			);
			name = RabbitHoleTests;
			productName = RabbitHoleTests;
			productReference = 10FAE34F2188B1340007107D /* RabbitHoleTests.xctest */;
			productType = "com.apple.product-type.bundle.unit-test";
		};
		10FAE3592188B1340007107D /* RabbitHoleUITests */ = {
			isa = PBXNativeTarget;
			buildConfigurationList = 10FAE3692188B1340007107D /* Build configuration list for PBXNativeTarget "RabbitHoleUITests" */;
			buildPhases = (
				38451083DBCF40A37238B51E /* [CP] Check Pods Manifest.lock */,
				10FAE3562188B1340007107D /* Sources */,
				10FAE3572188B1340007107D /* Frameworks */,
				10FAE3582188B1340007107D /* Resources */,
				800852A5D4348126C48A8259 /* [CP] Embed Pods Frameworks */,
			);
			buildRules = (
			);
			dependencies = (
				10FAE35C2188B1340007107D /* PBXTargetDependency */,
			);
			name = RabbitHoleUITests;
			productName = RabbitHoleUITests;
			productReference = 10FAE35A2188B1340007107D /* RabbitHoleUITests.xctest */;
			productType = "com.apple.product-type.bundle.ui-testing";
		};
/* End PBXNativeTarget section */

/* Begin PBXProject section */
		10FAE3332188B1320007107D /* Project object */ = {
			isa = PBXProject;
			attributes = {
				LastSwiftUpdateCheck = 1000;
				LastUpgradeCheck = 1000;
				ORGANIZATIONNAME = "NMI Capstone";
				TargetAttributes = {
					10FAE33A2188B1320007107D = {
						CreatedOnToolsVersion = 10.0;
					};
					10FAE34E2188B1340007107D = {
						CreatedOnToolsVersion = 10.0;
						TestTargetID = 10FAE33A2188B1320007107D;
					};
					10FAE3592188B1340007107D = {
						CreatedOnToolsVersion = 10.0;
						TestTargetID = 10FAE33A2188B1320007107D;
					};
				};
			};
			buildConfigurationList = 10FAE3362188B1320007107D /* Build configuration list for PBXProject "RabbitHole" */;
			compatibilityVersion = "Xcode 9.3";
			developmentRegion = en;
			hasScannedForEncodings = 0;
			knownRegions = (
				en,
				Base,
			);
			mainGroup = 10FAE3322188B1320007107D;
			productRefGroup = 10FAE33C2188B1320007107D /* Products */;
			projectDirPath = "";
			projectRoot = "";
			targets = (
				10FAE33A2188B1320007107D /* RabbitHole */,
				10FAE34E2188B1340007107D /* RabbitHoleTests */,
				10FAE3592188B1340007107D /* RabbitHoleUITests */,
			);
		};
/* End PBXProject section */

/* Begin PBXResourcesBuildPhase section */
		10FAE3392188B1320007107D /* Resources */ = {
			isa = PBXResourcesBuildPhase;
			buildActionMask = 2147483647;
			files = (
				10FAE3462188B1340007107D /* Assets.xcassets in Resources */,
			);
			runOnlyForDeploymentPostprocessing = 0;
		};
		10FAE34D2188B1340007107D /* Resources */ = {
			isa = PBXResourcesBuildPhase;
			buildActionMask = 2147483647;
			files = (
			);
			runOnlyForDeploymentPostprocessing = 0;
		};
		10FAE3582188B1340007107D /* Resources */ = {
			isa = PBXResourcesBuildPhase;
			buildActionMask = 2147483647;
			files = (
			);
			runOnlyForDeploymentPostprocessing = 0;
		};
/* End PBXResourcesBuildPhase section */

/* Begin PBXShellScriptBuildPhase section */
		38451083DBCF40A37238B51E /* [CP] Check Pods Manifest.lock */ = {
			isa = PBXShellScriptBuildPhase;
			buildActionMask = 2147483647;
			files = (
			);
			inputFileListPaths = (
			);
			inputPaths = (
				"${PODS_PODFILE_DIR_PATH}/Podfile.lock",
				"${PODS_ROOT}/Manifest.lock",
			);
			name = "[CP] Check Pods Manifest.lock";
			outputFileListPaths = (
			);
			outputPaths = (
				"$(DERIVED_FILE_DIR)/Pods-RabbitHole-RabbitHoleUITests-checkManifestLockResult.txt",
			);
			runOnlyForDeploymentPostprocessing = 0;
			shellPath = /bin/sh;
			shellScript = "diff \"${PODS_PODFILE_DIR_PATH}/Podfile.lock\" \"${PODS_ROOT}/Manifest.lock\" > /dev/null\nif [ $? != 0 ] ; then\n    # print error to STDERR\n    echo \"error: The sandbox is not in sync with the Podfile.lock. Run 'pod install' or update your CocoaPods installation.\" >&2\n    exit 1\nfi\n# This output is used by Xcode 'outputs' to avoid re-running this script phase.\necho \"SUCCESS\" > \"${SCRIPT_OUTPUT_FILE_0}\"\n";
			showEnvVarsInLog = 0;
		};
		66E930A9E95EEEBCDDA18376 /* [CP] Embed Pods Frameworks */ = {
			isa = PBXShellScriptBuildPhase;
			buildActionMask = 2147483647;
			files = (
			);
			inputFileListPaths = (
				"${PODS_ROOT}/Target Support Files/Pods-RabbitHole/Pods-RabbitHole-frameworks-${CONFIGURATION}-input-files.xcfilelist",
			);
			name = "[CP] Embed Pods Frameworks";
			outputFileListPaths = (
				"${PODS_ROOT}/Target Support Files/Pods-RabbitHole/Pods-RabbitHole-frameworks-${CONFIGURATION}-output-files.xcfilelist",
			);
			runOnlyForDeploymentPostprocessing = 0;
			shellPath = /bin/sh;
			shellScript = "\"${PODS_ROOT}/Target Support Files/Pods-RabbitHole/Pods-RabbitHole-frameworks.sh\"\n";
			showEnvVarsInLog = 0;
		};
		800852A5D4348126C48A8259 /* [CP] Embed Pods Frameworks */ = {
			isa = PBXShellScriptBuildPhase;
			buildActionMask = 2147483647;
			files = (
			);
			inputFileListPaths = (
				"${PODS_ROOT}/Target Support Files/Pods-RabbitHole-RabbitHoleUITests/Pods-RabbitHole-RabbitHoleUITests-frameworks-${CONFIGURATION}-input-files.xcfilelist",
			);
			name = "[CP] Embed Pods Frameworks";
			outputFileListPaths = (
				"${PODS_ROOT}/Target Support Files/Pods-RabbitHole-RabbitHoleUITests/Pods-RabbitHole-RabbitHoleUITests-frameworks-${CONFIGURATION}-output-files.xcfilelist",
			);
			runOnlyForDeploymentPostprocessing = 0;
			shellPath = /bin/sh;
			shellScript = "\"${PODS_ROOT}/Target Support Files/Pods-RabbitHole-RabbitHoleUITests/Pods-RabbitHole-RabbitHoleUITests-frameworks.sh\"\n";
			showEnvVarsInLog = 0;
		};
		C9308C4AB8286D58742E7287 /* [CP] Check Pods Manifest.lock */ = {
			isa = PBXShellScriptBuildPhase;
			buildActionMask = 2147483647;
			files = (
			);
			inputFileListPaths = (
			);
			inputPaths = (
				"${PODS_PODFILE_DIR_PATH}/Podfile.lock",
				"${PODS_ROOT}/Manifest.lock",
			);
			name = "[CP] Check Pods Manifest.lock";
			outputFileListPaths = (
			);
			outputPaths = (
				"$(DERIVED_FILE_DIR)/Pods-RabbitHoleTests-checkManifestLockResult.txt",
			);
			runOnlyForDeploymentPostprocessing = 0;
			shellPath = /bin/sh;
			shellScript = "diff \"${PODS_PODFILE_DIR_PATH}/Podfile.lock\" \"${PODS_ROOT}/Manifest.lock\" > /dev/null\nif [ $? != 0 ] ; then\n    # print error to STDERR\n    echo \"error: The sandbox is not in sync with the Podfile.lock. Run 'pod install' or update your CocoaPods installation.\" >&2\n    exit 1\nfi\n# This output is used by Xcode 'outputs' to avoid re-running this script phase.\necho \"SUCCESS\" > \"${SCRIPT_OUTPUT_FILE_0}\"\n";
			showEnvVarsInLog = 0;
		};
		D2A3D968E9DF7A030CF3C93C /* [CP] Check Pods Manifest.lock */ = {
			isa = PBXShellScriptBuildPhase;
			buildActionMask = 2147483647;
			files = (
			);
			inputFileListPaths = (
			);
			inputPaths = (
				"${PODS_PODFILE_DIR_PATH}/Podfile.lock",
				"${PODS_ROOT}/Manifest.lock",
			);
			name = "[CP] Check Pods Manifest.lock";
			outputFileListPaths = (
			);
			outputPaths = (
				"$(DERIVED_FILE_DIR)/Pods-RabbitHole-checkManifestLockResult.txt",
			);
			runOnlyForDeploymentPostprocessing = 0;
			shellPath = /bin/sh;
			shellScript = "diff \"${PODS_PODFILE_DIR_PATH}/Podfile.lock\" \"${PODS_ROOT}/Manifest.lock\" > /dev/null\nif [ $? != 0 ] ; then\n    # print error to STDERR\n    echo \"error: The sandbox is not in sync with the Podfile.lock. Run 'pod install' or update your CocoaPods installation.\" >&2\n    exit 1\nfi\n# This output is used by Xcode 'outputs' to avoid re-running this script phase.\necho \"SUCCESS\" > \"${SCRIPT_OUTPUT_FILE_0}\"\n";
			showEnvVarsInLog = 0;
		};
/* End PBXShellScriptBuildPhase section */

/* Begin PBXSourcesBuildPhase section */
		10FAE3372188B1320007107D /* Sources */ = {
			isa = PBXSourcesBuildPhase;
			buildActionMask = 2147483647;
			files = (
				10FAE3412188B1330007107D /* TableViewController.swift in Sources */,
				10DFB5AB21892B9E009C0AD4 /* Overlay.swift in Sources */,
				10DFB5AD21895866009C0AD4 /* ViewController.swift in Sources */,
				10FAE33F2188B1320007107D /* AppDelegate.swift in Sources */,
				10DFB5AF218BE089009C0AD4 /* History.swift in Sources */,
			);
			runOnlyForDeploymentPostprocessing = 0;
		};
		10FAE34B2188B1340007107D /* Sources */ = {
			isa = PBXSourcesBuildPhase;
			buildActionMask = 2147483647;
			files = (
				10FAE3542188B1340007107D /* RabbitHoleTests.swift in Sources */,
			);
			runOnlyForDeploymentPostprocessing = 0;
		};
		10FAE3562188B1340007107D /* Sources */ = {
			isa = PBXSourcesBuildPhase;
			buildActionMask = 2147483647;
			files = (
				10FAE35F2188B1340007107D /* RabbitHoleUITests.swift in Sources */,
			);
			runOnlyForDeploymentPostprocessing = 0;
		};
/* End PBXSourcesBuildPhase section */

/* Begin PBXTargetDependency section */
		10FAE3512188B1340007107D /* PBXTargetDependency */ = {
			isa = PBXTargetDependency;
			target = 10FAE33A2188B1320007107D /* RabbitHole */;
			targetProxy = 10FAE3502188B1340007107D /* PBXContainerItemProxy */;
		};
		10FAE35C2188B1340007107D /* PBXTargetDependency */ = {
			isa = PBXTargetDependency;
			target = 10FAE33A2188B1320007107D /* RabbitHole */;
			targetProxy = 10FAE35B2188B1340007107D /* PBXContainerItemProxy */;
		};
/* End PBXTargetDependency section */

/* Begin PBXVariantGroup section */
		10FAE3422188B1330007107D /* Main.storyboard */ = {
			isa = PBXVariantGroup;
			children = (
				10FAE3432188B1330007107D /* Base */,
			);
			name = Main.storyboard;
			sourceTree = "<group>";
		};
		10FAE3472188B1340007107D /* LaunchScreen.storyboard */ = {
			isa = PBXVariantGroup;
			children = (
				10FAE3482188B1340007107D /* Base */,
			);
			name = LaunchScreen.storyboard;
			sourceTree = "<group>";
		};
/* End PBXVariantGroup section */

/* Begin XCBuildConfiguration section */
		10FAE3612188B1340007107D /* Debug */ = {
			isa = XCBuildConfiguration;
			buildSettings = {
				ALWAYS_SEARCH_USER_PATHS = NO;
				CLANG_ANALYZER_NONNULL = YES;
				CLANG_ANALYZER_NUMBER_OBJECT_CONVERSION = YES_AGGRESSIVE;
				CLANG_CXX_LANGUAGE_STANDARD = "gnu++14";
				CLANG_CXX_LIBRARY = "libc++";
				CLANG_ENABLE_MODULES = YES;
				CLANG_ENABLE_OBJC_ARC = YES;
				CLANG_ENABLE_OBJC_WEAK = YES;
				CLANG_WARN_BLOCK_CAPTURE_AUTORELEASING = YES;
				CLANG_WARN_BOOL_CONVERSION = YES;
				CLANG_WARN_COMMA = YES;
				CLANG_WARN_CONSTANT_CONVERSION = YES;
				CLANG_WARN_DEPRECATED_OBJC_IMPLEMENTATIONS = YES;
				CLANG_WARN_DIRECT_OBJC_ISA_USAGE = YES_ERROR;
				CLANG_WARN_DOCUMENTATION_COMMENTS = YES;
				CLANG_WARN_EMPTY_BODY = YES;
				CLANG_WARN_ENUM_CONVERSION = YES;
				CLANG_WARN_INFINITE_RECURSION = YES;
				CLANG_WARN_INT_CONVERSION = YES;
				CLANG_WARN_NON_LITERAL_NULL_CONVERSION = YES;
				CLANG_WARN_OBJC_IMPLICIT_RETAIN_SELF = YES;
				CLANG_WARN_OBJC_LITERAL_CONVERSION = YES;
				CLANG_WARN_OBJC_ROOT_CLASS = YES_ERROR;
				CLANG_WARN_RANGE_LOOP_ANALYSIS = YES;
				CLANG_WARN_STRICT_PROTOTYPES = YES;
				CLANG_WARN_SUSPICIOUS_MOVE = YES;
				CLANG_WARN_UNGUARDED_AVAILABILITY = YES_AGGRESSIVE;
				CLANG_WARN_UNREACHABLE_CODE = YES;
				CLANG_WARN__DUPLICATE_METHOD_MATCH = YES;
				CODE_SIGN_IDENTITY = "iPhone Developer";
				COPY_PHASE_STRIP = NO;
				DEBUG_INFORMATION_FORMAT = dwarf;
				ENABLE_STRICT_OBJC_MSGSEND = YES;
				ENABLE_TESTABILITY = YES;
				GCC_C_LANGUAGE_STANDARD = gnu11;
				GCC_DYNAMIC_NO_PIC = NO;
				GCC_NO_COMMON_BLOCKS = YES;
				GCC_OPTIMIZATION_LEVEL = 0;
				GCC_PREPROCESSOR_DEFINITIONS = (
					"DEBUG=1",
					"$(inherited)",
				);
				GCC_WARN_64_TO_32_BIT_CONVERSION = YES;
				GCC_WARN_ABOUT_RETURN_TYPE = YES_ERROR;
				GCC_WARN_UNDECLARED_SELECTOR = YES;
				GCC_WARN_UNINITIALIZED_AUTOS = YES_AGGRESSIVE;
				GCC_WARN_UNUSED_FUNCTION = YES;
				GCC_WARN_UNUSED_VARIABLE = YES;
				IPHONEOS_DEPLOYMENT_TARGET = 12.0;
				MTL_ENABLE_DEBUG_INFO = INCLUDE_SOURCE;
				MTL_FAST_MATH = YES;
				ONLY_ACTIVE_ARCH = YES;
				SDKROOT = iphoneos;
				SWIFT_ACTIVE_COMPILATION_CONDITIONS = DEBUG;
				SWIFT_OPTIMIZATION_LEVEL = "-Onone";
			};
			name = Debug;
		};
		10FAE3622188B1340007107D /* Release */ = {
			isa = XCBuildConfiguration;
			buildSettings = {
				ALWAYS_SEARCH_USER_PATHS = NO;
				CLANG_ANALYZER_NONNULL = YES;
				CLANG_ANALYZER_NUMBER_OBJECT_CONVERSION = YES_AGGRESSIVE;
				CLANG_CXX_LANGUAGE_STANDARD = "gnu++14";
				CLANG_CXX_LIBRARY = "libc++";
				CLANG_ENABLE_MODULES = YES;
				CLANG_ENABLE_OBJC_ARC = YES;
				CLANG_ENABLE_OBJC_WEAK = YES;
				CLANG_WARN_BLOCK_CAPTURE_AUTORELEASING = YES;
				CLANG_WARN_BOOL_CONVERSION = YES;
				CLANG_WARN_COMMA = YES;
				CLANG_WARN_CONSTANT_CONVERSION = YES;
				CLANG_WARN_DEPRECATED_OBJC_IMPLEMENTATIONS = YES;
				CLANG_WARN_DIRECT_OBJC_ISA_USAGE = YES_ERROR;
				CLANG_WARN_DOCUMENTATION_COMMENTS = YES;
				CLANG_WARN_EMPTY_BODY = YES;
				CLANG_WARN_ENUM_CONVERSION = YES;
				CLANG_WARN_INFINITE_RECURSION = YES;
				CLANG_WARN_INT_CONVERSION = YES;
				CLANG_WARN_NON_LITERAL_NULL_CONVERSION = YES;
				CLANG_WARN_OBJC_IMPLICIT_RETAIN_SELF = YES;
				CLANG_WARN_OBJC_LITERAL_CONVERSION = YES;
				CLANG_WARN_OBJC_ROOT_CLASS = YES_ERROR;
				CLANG_WARN_RANGE_LOOP_ANALYSIS = YES;
				CLANG_WARN_STRICT_PROTOTYPES = YES;
				CLANG_WARN_SUSPICIOUS_MOVE = YES;
				CLANG_WARN_UNGUARDED_AVAILABILITY = YES_AGGRESSIVE;
				CLANG_WARN_UNREACHABLE_CODE = YES;
				CLANG_WARN__DUPLICATE_METHOD_MATCH = YES;
				CODE_SIGN_IDENTITY = "iPhone Developer";
				COPY_PHASE_STRIP = NO;
				DEBUG_INFORMATION_FORMAT = "dwarf-with-dsym";
				ENABLE_NS_ASSERTIONS = NO;
				ENABLE_STRICT_OBJC_MSGSEND = YES;
				GCC_C_LANGUAGE_STANDARD = gnu11;
				GCC_NO_COMMON_BLOCKS = YES;
				GCC_WARN_64_TO_32_BIT_CONVERSION = YES;
				GCC_WARN_ABOUT_RETURN_TYPE = YES_ERROR;
				GCC_WARN_UNDECLARED_SELECTOR = YES;
				GCC_WARN_UNINITIALIZED_AUTOS = YES_AGGRESSIVE;
				GCC_WARN_UNUSED_FUNCTION = YES;
				GCC_WARN_UNUSED_VARIABLE = YES;
				IPHONEOS_DEPLOYMENT_TARGET = 12.0;
				MTL_ENABLE_DEBUG_INFO = NO;
				MTL_FAST_MATH = YES;
				SDKROOT = iphoneos;
				SWIFT_COMPILATION_MODE = wholemodule;
				SWIFT_OPTIMIZATION_LEVEL = "-O";
				VALIDATE_PRODUCT = YES;
			};
			name = Release;
		};
		10FAE3642188B1340007107D /* Debug */ = {
			isa = XCBuildConfiguration;
			baseConfigurationReference = 9EF29960BE41FBDA5F0C67FA /* Pods-RabbitHole.debug.xcconfig */;
			buildSettings = {
				ASSETCATALOG_COMPILER_APPICON_NAME = AppIcon;
				CODE_SIGN_STYLE = Automatic;
				DEVELOPMENT_TEAM = Y778HD7C98;
				INFOPLIST_FILE = RabbitHole/Info.plist;
				LD_RUNPATH_SEARCH_PATHS = (
					"$(inherited)",
					"@executable_path/Frameworks",
				);
				PRODUCT_BUNDLE_IDENTIFIER = edu.uga.RabbitHole;
				PRODUCT_NAME = "$(TARGET_NAME)";
				SWIFT_VERSION = 4.2;
				TARGETED_DEVICE_FAMILY = "1,2";
			};
			name = Debug;
		};
		10FAE3652188B1340007107D /* Release */ = {
			isa = XCBuildConfiguration;
			baseConfigurationReference = 8220516209510EA98205D3F8 /* Pods-RabbitHole.release.xcconfig */;
			buildSettings = {
				ASSETCATALOG_COMPILER_APPICON_NAME = AppIcon;
				CODE_SIGN_STYLE = Automatic;
				DEVELOPMENT_TEAM = Y778HD7C98;
				INFOPLIST_FILE = RabbitHole/Info.plist;
				LD_RUNPATH_SEARCH_PATHS = (
					"$(inherited)",
					"@executable_path/Frameworks",
				);
				PRODUCT_BUNDLE_IDENTIFIER = edu.uga.RabbitHole;
				PRODUCT_NAME = "$(TARGET_NAME)";
				SWIFT_VERSION = 4.2;
				TARGETED_DEVICE_FAMILY = "1,2";
			};
			name = Release;
		};
		10FAE3672188B1340007107D /* Debug */ = {
			isa = XCBuildConfiguration;
			baseConfigurationReference = 0320FBCD2AF2701F7D271B0E /* Pods-RabbitHoleTests.debug.xcconfig */;
			buildSettings = {
				ALWAYS_EMBED_SWIFT_STANDARD_LIBRARIES = YES;
				BUNDLE_LOADER = "$(TEST_HOST)";
				CODE_SIGN_STYLE = Automatic;
				DEVELOPMENT_TEAM = Y778HD7C98;
				INFOPLIST_FILE = RabbitHoleTests/Info.plist;
				LD_RUNPATH_SEARCH_PATHS = (
					"$(inherited)",
					"@executable_path/Frameworks",
					"@loader_path/Frameworks",
				);
				PRODUCT_BUNDLE_IDENTIFIER = edu.uga.RabbitHoleTests;
				PRODUCT_NAME = "$(TARGET_NAME)";
				SWIFT_VERSION = 4.2;
				TARGETED_DEVICE_FAMILY = "1,2";
				TEST_HOST = "$(BUILT_PRODUCTS_DIR)/RabbitHole.app/RabbitHole";
			};
			name = Debug;
		};
		10FAE3682188B1340007107D /* Release */ = {
			isa = XCBuildConfiguration;
			baseConfigurationReference = 2FC291B003E98703B0DB3AC8 /* Pods-RabbitHoleTests.release.xcconfig */;
			buildSettings = {
				ALWAYS_EMBED_SWIFT_STANDARD_LIBRARIES = YES;
				BUNDLE_LOADER = "$(TEST_HOST)";
				CODE_SIGN_STYLE = Automatic;
				DEVELOPMENT_TEAM = Y778HD7C98;
				INFOPLIST_FILE = RabbitHoleTests/Info.plist;
				LD_RUNPATH_SEARCH_PATHS = (
					"$(inherited)",
					"@executable_path/Frameworks",
					"@loader_path/Frameworks",
				);
				PRODUCT_BUNDLE_IDENTIFIER = edu.uga.RabbitHoleTests;
				PRODUCT_NAME = "$(TARGET_NAME)";
				SWIFT_VERSION = 4.2;
				TARGETED_DEVICE_FAMILY = "1,2";
				TEST_HOST = "$(BUILT_PRODUCTS_DIR)/RabbitHole.app/RabbitHole";
			};
			name = Release;
		};
		10FAE36A2188B1340007107D /* Debug */ = {
			isa = XCBuildConfiguration;
			baseConfigurationReference = 03D2913653684BD4FCEE8ECE /* Pods-RabbitHole-RabbitHoleUITests.debug.xcconfig */;
			buildSettings = {
				ALWAYS_EMBED_SWIFT_STANDARD_LIBRARIES = YES;
				CODE_SIGN_STYLE = Automatic;
				DEVELOPMENT_TEAM = Y778HD7C98;
				INFOPLIST_FILE = RabbitHoleUITests/Info.plist;
				LD_RUNPATH_SEARCH_PATHS = (
					"$(inherited)",
					"@executable_path/Frameworks",
					"@loader_path/Frameworks",
				);
				PRODUCT_BUNDLE_IDENTIFIER = edu.uga.RabbitHoleUITests;
				PRODUCT_NAME = "$(TARGET_NAME)";
				SWIFT_VERSION = 4.2;
				TARGETED_DEVICE_FAMILY = "1,2";
				TEST_TARGET_NAME = RabbitHole;
			};
			name = Debug;
		};
		10FAE36B2188B1340007107D /* Release */ = {
			isa = XCBuildConfiguration;
			baseConfigurationReference = AFE2EB40F0DF687BDAB8B8C0 /* Pods-RabbitHole-RabbitHoleUITests.release.xcconfig */;
			buildSettings = {
				ALWAYS_EMBED_SWIFT_STANDARD_LIBRARIES = YES;
				CODE_SIGN_STYLE = Automatic;
				DEVELOPMENT_TEAM = Y778HD7C98;
				INFOPLIST_FILE = RabbitHoleUITests/Info.plist;
				LD_RUNPATH_SEARCH_PATHS = (
					"$(inherited)",
					"@executable_path/Frameworks",
					"@loader_path/Frameworks",
				);
				PRODUCT_BUNDLE_IDENTIFIER = edu.uga.RabbitHoleUITests;
				PRODUCT_NAME = "$(TARGET_NAME)";
				SWIFT_VERSION = 4.2;
				TARGETED_DEVICE_FAMILY = "1,2";
				TEST_TARGET_NAME = RabbitHole;
			};
			name = Release;
		};
/* End XCBuildConfiguration section */

/* Begin XCConfigurationList section */
		10FAE3362188B1320007107D /* Build configuration list for PBXProject "RabbitHole" */ = {
			isa = XCConfigurationList;
			buildConfigurations = (
				10FAE3612188B1340007107D /* Debug */,
				10FAE3622188B1340007107D /* Release */,
			);
			defaultConfigurationIsVisible = 0;
			defaultConfigurationName = Release;
		};
		10FAE3632188B1340007107D /* Build configuration list for PBXNativeTarget "RabbitHole" */ = {
			isa = XCConfigurationList;
			buildConfigurations = (
				10FAE3642188B1340007107D /* Debug */,
				10FAE3652188B1340007107D /* Release */,
			);
			defaultConfigurationIsVisible = 0;
			defaultConfigurationName = Release;
		};
		10FAE3662188B1340007107D /* Build configuration list for PBXNativeTarget "RabbitHoleTests" */ = {
			isa = XCConfigurationList;
			buildConfigurations = (
				10FAE3672188B1340007107D /* Debug */,
				10FAE3682188B1340007107D /* Release */,
			);
			defaultConfigurationIsVisible = 0;
			defaultConfigurationName = Release;
		};
		10FAE3692188B1340007107D /* Build configuration list for PBXNativeTarget "RabbitHoleUITests" */ = {
			isa = XCConfigurationList;
			buildConfigurations = (
				10FAE36A2188B1340007107D /* Debug */,
				10FAE36B2188B1340007107D /* Release */,
			);
			defaultConfigurationIsVisible = 0;
			defaultConfigurationName = Release;
		};
/* End XCConfigurationList section */
	};
	rootObject = 10FAE3332188B1320007107D /* Project object */;
}
